
Microsoft Visual Studio Solution File, Format Version 12.00
# Visual Studio Version 16
VisualStudioVersion = 16.0.29613.14
MinimumVisualStudioVersion = 10.0.40219.1
Project("{9A19103F-16F7-4668-BE54-9A1E7A4F7556}") = "SoqlLibrary", "Library\SoqlLibrary.csproj", "{347B5119-1438-44E6-8EB4-5D18484A5786}"
EndProject
Project("{FAE04EC0-301F-11D3-BF4B-00C04F79EFBC}") = "SoqlTests", "Tests\SoqlTests.csproj", "{007F03C9-469F-486A-9C8B-86AEB37F3FCF}"
EndProject
Global
	GlobalSection(SolutionConfigurationPlatforms) = preSolution
		Debug|Any CPU = Debug|Any CPU
		Release|Any CPU = Release|Any CPU
	EndGlobalSection
	GlobalSection(ProjectConfigurationPlatforms) = postSolution
		{347B5119-1438-44E6-8EB4-5D18484A5786}.Debug|Any CPU.ActiveCfg = Debug|Any CPU
		{347B5119-1438-44E6-8EB4-5D18484A5786}.Debug|Any CPU.Build.0 = Debug|Any CPU
		{347B5119-1438-44E6-8EB4-5D18484A5786}.Release|Any CPU.ActiveCfg = Release|Any CPU
		{347B5119-1438-44E6-8EB4-5D18484A5786}.Release|Any CPU.Build.0 = Release|Any CPU
		{007F03C9-469F-486A-9C8B-86AEB37F3FCF}.Debug|Any CPU.ActiveCfg = Debug|Any CPU
		{007F03C9-469F-486A-9C8B-86AEB37F3FCF}.Debug|Any CPU.Build.0 = Debug|Any CPU
		{007F03C9-469F-486A-9C8B-86AEB37F3FCF}.Release|Any CPU.ActiveCfg = Release|Any CPU
		{007F03C9-469F-486A-9C8B-86AEB37F3FCF}.Release|Any CPU.Build.0 = Release|Any CPU
	EndGlobalSection
	GlobalSection(SolutionProperties) = preSolution
		HideSolutionNode = FALSE
	EndGlobalSection
	GlobalSection(ExtensibilityGlobals) = postSolution
		SolutionGuid = {9665ABCB-84FF-40FA-91E1-4810222112AB}
	EndGlobalSection
EndGlobal
